// !$*UTF8*$!
{
	archiveVersion = 1;
	classes = {
	};
	objectVersion = 55;
	objects = {

/* Begin PBXBuildFile section */
		6D0324FF27DBAE0B003B2069 /* SearchView.storyboard in Resources */ = {isa = PBXBuildFile; fileRef = 6D0324FE27DBAE0B003B2069 /* SearchView.storyboard */; };
		6D03250127DBAFBA003B2069 /* SearchViewController.swift in Sources */ = {isa = PBXBuildFile; fileRef = 6D03250027DBAFBA003B2069 /* SearchViewController.swift */; };
		6D03250827DBB1D3003B2069 /* ReportView.storyboard in Resources */ = {isa = PBXBuildFile; fileRef = 6D03250727DBB1D3003B2069 /* ReportView.storyboard */; };
		6D03250A27DBE3B5003B2069 /* ReportViewController.swift in Sources */ = {isa = PBXBuildFile; fileRef = 6D03250927DBE3B5003B2069 /* ReportViewController.swift */; };
		6D03250D27DBE670003B2069 /* Collection.swift in Sources */ = {isa = PBXBuildFile; fileRef = 6D03250C27DBE670003B2069 /* Collection.swift */; };
		6D446F3027DA8BBF006D115E /* HomeAddCellView.xib in Resources */ = {isa = PBXBuildFile; fileRef = 6D446F2F27DA8BBF006D115E /* HomeAddCellView.xib */; };
		6D446F3527DA9541006D115E /* ItemsView.storyboard in Resources */ = {isa = PBXBuildFile; fileRef = 6D446F3427DA9541006D115E /* ItemsView.storyboard */; };
		6D446F3727DA958A006D115E /* ItemsViewController.swift in Sources */ = {isa = PBXBuildFile; fileRef = 6D446F3627DA958A006D115E /* ItemsViewController.swift */; };
		6D446F3927DA9627006D115E /* ItemsViewCell.xib in Resources */ = {isa = PBXBuildFile; fileRef = 6D446F3827DA9627006D115E /* ItemsViewCell.xib */; };
		6D446F3B27DA9875006D115E /* ItemsViewCellCollectionViewCell.swift in Sources */ = {isa = PBXBuildFile; fileRef = 6D446F3A27DA9875006D115E /* ItemsViewCellCollectionViewCell.swift */; };
		6D446F3D27DA98B5006D115E /* ItemsViewAddCell.xib in Resources */ = {isa = PBXBuildFile; fileRef = 6D446F3C27DA98B5006D115E /* ItemsViewAddCell.xib */; };
		6D446F4227DAA6D7006D115E /* CreateItemView.storyboard in Resources */ = {isa = PBXBuildFile; fileRef = 6D446F4127DAA6D7006D115E /* CreateItemView.storyboard */; };
		6D446F4427DAB059006D115E /* CreateItemViewController.swift in Sources */ = {isa = PBXBuildFile; fileRef = 6D446F4327DAB059006D115E /* CreateItemViewController.swift */; };
		6D6AB9AC27DA609E005C21BE /* AppDelegate.swift in Sources */ = {isa = PBXBuildFile; fileRef = 6D6AB9AB27DA609E005C21BE /* AppDelegate.swift */; };
		6D6AB9AE27DA609E005C21BE /* SceneDelegate.swift in Sources */ = {isa = PBXBuildFile; fileRef = 6D6AB9AD27DA609E005C21BE /* SceneDelegate.swift */; };
		6D6AB9B327DA609E005C21BE /* Main.storyboard in Resources */ = {isa = PBXBuildFile; fileRef = 6D6AB9B127DA609E005C21BE /* Main.storyboard */; };
		6D6AB9B527DA609F005C21BE /* Assets.xcassets in Resources */ = {isa = PBXBuildFile; fileRef = 6D6AB9B427DA609F005C21BE /* Assets.xcassets */; };
		6D6AB9B827DA609F005C21BE /* LaunchScreen.storyboard in Resources */ = {isa = PBXBuildFile; fileRef = 6D6AB9B627DA609F005C21BE /* LaunchScreen.storyboard */; };
		6D6AB9C527DA69A2005C21BE /* LoginView.storyboard in Resources */ = {isa = PBXBuildFile; fileRef = 6D6AB9C427DA69A2005C21BE /* LoginView.storyboard */; };
		6D6AB9C727DA69B5005C21BE /* SignUpView.storyboard in Resources */ = {isa = PBXBuildFile; fileRef = 6D6AB9C627DA69B5005C21BE /* SignUpView.storyboard */; };
		6D6AB9C927DA69C5005C21BE /* ResetPasswordView.storyboard in Resources */ = {isa = PBXBuildFile; fileRef = 6D6AB9C827DA69C5005C21BE /* ResetPasswordView.storyboard */; };
		6D6AB9CB27DA6A28005C21BE /* LoginViewController.swift in Sources */ = {isa = PBXBuildFile; fileRef = 6D6AB9CA27DA6A28005C21BE /* LoginViewController.swift */; };
		6D6AB9CD27DA6BBE005C21BE /* SignUpViewController.swift in Sources */ = {isa = PBXBuildFile; fileRef = 6D6AB9CC27DA6BBE005C21BE /* SignUpViewController.swift */; };
		6D6AB9CF27DA6CA4005C21BE /* ResetPasswordViewController.swift in Sources */ = {isa = PBXBuildFile; fileRef = 6D6AB9CE27DA6CA4005C21BE /* ResetPasswordViewController.swift */; };
		6D6AB9D227DA7E92005C21BE /* HomeView.storyboard in Resources */ = {isa = PBXBuildFile; fileRef = 6D6AB9D127DA7E92005C21BE /* HomeView.storyboard */; };
		6D6AB9D427DA7F40005C21BE /* HomeViewController.swift in Sources */ = {isa = PBXBuildFile; fileRef = 6D6AB9D327DA7F40005C21BE /* HomeViewController.swift */; };
		6D6AB9D627DA7F8B005C21BE /* HomeCollectionViewCell.swift in Sources */ = {isa = PBXBuildFile; fileRef = 6D6AB9D527DA7F8B005C21BE /* HomeCollectionViewCell.swift */; };
		6D6AB9DA27DA8039005C21BE /* HomeViewCell.xib in Resources */ = {isa = PBXBuildFile; fileRef = 6D6AB9D927DA8039005C21BE /* HomeViewCell.xib */; };
		6DC4E8DB27DFA3C3005920A5 /* HomeVCModel.swift in Sources */ = {isa = PBXBuildFile; fileRef = 6DC4E8DA27DFA3C3005920A5 /* HomeVCModel.swift */; };
		6DC4E8DD27DFA489005920A5 /* ItemVCModel.swift in Sources */ = {isa = PBXBuildFile; fileRef = 6DC4E8DC27DFA489005920A5 /* ItemVCModel.swift */; };
		6DC4E8DF27DFA56C005920A5 /* CreateItemVCModel.swift in Sources */ = {isa = PBXBuildFile; fileRef = 6DC4E8DE27DFA56C005920A5 /* CreateItemVCModel.swift */; };
		6DC4E8E627DFA78D005920A5 /* FIrebaseStorageController.swift in Sources */ = {isa = PBXBuildFile; fileRef = 6DC4E8E527DFA78D005920A5 /* FIrebaseStorageController.swift */; };
		6DC4E8E827DFA7E4005920A5 /* FirebaseController.swift in Sources */ = {isa = PBXBuildFile; fileRef = 6DC4E8E727DFA7E4005920A5 /* FirebaseController.swift */; };
		6DC4E8EC27DFE97B005920A5 /* ReportViewModel.swift in Sources */ = {isa = PBXBuildFile; fileRef = 6DC4E8EB27DFE97B005920A5 /* ReportViewModel.swift */; };
		6DC4E8EE27DFE9C4005920A5 /* SearchViewModel.swift in Sources */ = {isa = PBXBuildFile; fileRef = 6DC4E8ED27DFE9C4005920A5 /* SearchViewModel.swift */; };
		6DC970F927DBFD80006146AF /* AccountView.storyboard in Resources */ = {isa = PBXBuildFile; fileRef = 6DC970F827DBFD80006146AF /* AccountView.storyboard */; };
		6DC970FC27DBFEC6006146AF /* AccountViewController.swift in Sources */ = {isa = PBXBuildFile; fileRef = 6DC970FB27DBFEC6006146AF /* AccountViewController.swift */; };
/* End PBXBuildFile section */

/* Begin PBXFileReference section */
		6D0324FE27DBAE0B003B2069 /* SearchView.storyboard */ = {isa = PBXFileReference; lastKnownFileType = file.storyboard; path = SearchView.storyboard; sourceTree = "<group>"; };
		6D03250027DBAFBA003B2069 /* SearchViewController.swift */ = {isa = PBXFileReference; lastKnownFileType = sourcecode.swift; path = SearchViewController.swift; sourceTree = "<group>"; };
		6D03250727DBB1D3003B2069 /* ReportView.storyboard */ = {isa = PBXFileReference; lastKnownFileType = file.storyboard; path = ReportView.storyboard; sourceTree = "<group>"; };
		6D03250927DBE3B5003B2069 /* ReportViewController.swift */ = {isa = PBXFileReference; lastKnownFileType = sourcecode.swift; path = ReportViewController.swift; sourceTree = "<group>"; };
		6D03250C27DBE670003B2069 /* Collection.swift */ = {isa = PBXFileReference; lastKnownFileType = sourcecode.swift; path = Collection.swift; sourceTree = "<group>"; };
		6D446F2F27DA8BBF006D115E /* HomeAddCellView.xib */ = {isa = PBXFileReference; lastKnownFileType = file.xib; path = HomeAddCellView.xib; sourceTree = "<group>"; };
		6D446F3427DA9541006D115E /* ItemsView.storyboard */ = {isa = PBXFileReference; lastKnownFileType = file.storyboard; path = ItemsView.storyboard; sourceTree = "<group>"; };
		6D446F3627DA958A006D115E /* ItemsViewController.swift */ = {isa = PBXFileReference; lastKnownFileType = sourcecode.swift; path = ItemsViewController.swift; sourceTree = "<group>"; };
		6D446F3827DA9627006D115E /* ItemsViewCell.xib */ = {isa = PBXFileReference; lastKnownFileType = file.xib; path = ItemsViewCell.xib; sourceTree = "<group>"; };
		6D446F3A27DA9875006D115E /* ItemsViewCellCollectionViewCell.swift */ = {isa = PBXFileReference; lastKnownFileType = sourcecode.swift; path = ItemsViewCellCollectionViewCell.swift; sourceTree = "<group>"; };
		6D446F3C27DA98B5006D115E /* ItemsViewAddCell.xib */ = {isa = PBXFileReference; lastKnownFileType = file.xib; path = ItemsViewAddCell.xib; sourceTree = "<group>"; };
		6D446F4127DAA6D7006D115E /* CreateItemView.storyboard */ = {isa = PBXFileReference; lastKnownFileType = file.storyboard; path = CreateItemView.storyboard; sourceTree = "<group>"; };
		6D446F4327DAB059006D115E /* CreateItemViewController.swift */ = {isa = PBXFileReference; lastKnownFileType = sourcecode.swift; path = CreateItemViewController.swift; sourceTree = "<group>"; };
		6D6AB9A827DA609E005C21BE /* HomeInventory.app */ = {isa = PBXFileReference; explicitFileType = wrapper.application; includeInIndex = 0; path = HomeInventory.app; sourceTree = BUILT_PRODUCTS_DIR; };
		6D6AB9AB27DA609E005C21BE /* AppDelegate.swift */ = {isa = PBXFileReference; lastKnownFileType = sourcecode.swift; path = AppDelegate.swift; sourceTree = "<group>"; };
		6D6AB9AD27DA609E005C21BE /* SceneDelegate.swift */ = {isa = PBXFileReference; lastKnownFileType = sourcecode.swift; path = SceneDelegate.swift; sourceTree = "<group>"; };
		6D6AB9B227DA609E005C21BE /* Base */ = {isa = PBXFileReference; lastKnownFileType = file.storyboard; name = Base; path = Base.lproj/Main.storyboard; sourceTree = "<group>"; };
		6D6AB9B427DA609F005C21BE /* Assets.xcassets */ = {isa = PBXFileReference; lastKnownFileType = folder.assetcatalog; path = Assets.xcassets; sourceTree = "<group>"; };
		6D6AB9B727DA609F005C21BE /* Base */ = {isa = PBXFileReference; lastKnownFileType = file.storyboard; name = Base; path = Base.lproj/LaunchScreen.storyboard; sourceTree = "<group>"; };
		6D6AB9B927DA609F005C21BE /* Info.plist */ = {isa = PBXFileReference; lastKnownFileType = text.plist.xml; path = Info.plist; sourceTree = "<group>"; };
		6D6AB9C427DA69A2005C21BE /* LoginView.storyboard */ = {isa = PBXFileReference; lastKnownFileType = file.storyboard; path = LoginView.storyboard; sourceTree = "<group>"; };
		6D6AB9C627DA69B5005C21BE /* SignUpView.storyboard */ = {isa = PBXFileReference; lastKnownFileType = file.storyboard; path = SignUpView.storyboard; sourceTree = "<group>"; };
		6D6AB9C827DA69C5005C21BE /* ResetPasswordView.storyboard */ = {isa = PBXFileReference; lastKnownFileType = file.storyboard; path = ResetPasswordView.storyboard; sourceTree = "<group>"; };
		6D6AB9CA27DA6A28005C21BE /* LoginViewController.swift */ = {isa = PBXFileReference; lastKnownFileType = sourcecode.swift; path = LoginViewController.swift; sourceTree = "<group>"; };
		6D6AB9CC27DA6BBE005C21BE /* SignUpViewController.swift */ = {isa = PBXFileReference; lastKnownFileType = sourcecode.swift; path = SignUpViewController.swift; sourceTree = "<group>"; };
		6D6AB9CE27DA6CA4005C21BE /* ResetPasswordViewController.swift */ = {isa = PBXFileReference; lastKnownFileType = sourcecode.swift; path = ResetPasswordViewController.swift; sourceTree = "<group>"; };
		6D6AB9D127DA7E92005C21BE /* HomeView.storyboard */ = {isa = PBXFileReference; lastKnownFileType = file.storyboard; path = HomeView.storyboard; sourceTree = "<group>"; };
		6D6AB9D327DA7F40005C21BE /* HomeViewController.swift */ = {isa = PBXFileReference; lastKnownFileType = sourcecode.swift; path = HomeViewController.swift; sourceTree = "<group>"; };
		6D6AB9D527DA7F8B005C21BE /* HomeCollectionViewCell.swift */ = {isa = PBXFileReference; lastKnownFileType = sourcecode.swift; path = HomeCollectionViewCell.swift; sourceTree = "<group>"; };
		6D6AB9D927DA8039005C21BE /* HomeViewCell.xib */ = {isa = PBXFileReference; lastKnownFileType = file.xib; path = HomeViewCell.xib; sourceTree = "<group>"; };
		6DC4E8DA27DFA3C3005920A5 /* HomeVCModel.swift */ = {isa = PBXFileReference; lastKnownFileType = sourcecode.swift; path = HomeVCModel.swift; sourceTree = "<group>"; };
		6DC4E8DC27DFA489005920A5 /* ItemVCModel.swift */ = {isa = PBXFileReference; lastKnownFileType = sourcecode.swift; path = ItemVCModel.swift; sourceTree = "<group>"; };
		6DC4E8DE27DFA56C005920A5 /* CreateItemVCModel.swift */ = {isa = PBXFileReference; lastKnownFileType = sourcecode.swift; path = CreateItemVCModel.swift; sourceTree = "<group>"; };
		6DC4E8E527DFA78D005920A5 /* FIrebaseStorageController.swift */ = {isa = PBXFileReference; lastKnownFileType = sourcecode.swift; path = FIrebaseStorageController.swift; sourceTree = "<group>"; };
		6DC4E8E727DFA7E4005920A5 /* FirebaseController.swift */ = {isa = PBXFileReference; lastKnownFileType = sourcecode.swift; path = FirebaseController.swift; sourceTree = "<group>"; };
		6DC4E8EB27DFE97B005920A5 /* ReportViewModel.swift */ = {isa = PBXFileReference; lastKnownFileType = sourcecode.swift; path = ReportViewModel.swift; sourceTree = "<group>"; };
		6DC4E8ED27DFE9C4005920A5 /* SearchViewModel.swift */ = {isa = PBXFileReference; lastKnownFileType = sourcecode.swift; path = SearchViewModel.swift; sourceTree = "<group>"; };
		6DC970F827DBFD80006146AF /* AccountView.storyboard */ = {isa = PBXFileReference; lastKnownFileType = file.storyboard; path = AccountView.storyboard; sourceTree = "<group>"; };
		6DC970FB27DBFEC6006146AF /* AccountViewController.swift */ = {isa = PBXFileReference; lastKnownFileType = sourcecode.swift; path = AccountViewController.swift; sourceTree = "<group>"; };
/* End PBXFileReference section */

/* Begin PBXFrameworksBuildPhase section */
		6D6AB9A527DA609E005C21BE /* Frameworks */ = {
			isa = PBXFrameworksBuildPhase;
			buildActionMask = 2147483647;
			files = (
			);
			runOnlyForDeploymentPostprocessing = 0;
		};
/* End PBXFrameworksBuildPhase section */

/* Begin PBXGroup section */
		6D0324FD27DBADE7003B2069 /* SearchView */ = {
			isa = PBXGroup;
			children = (
				6DC4E8ED27DFE9C4005920A5 /* SearchViewModel.swift */,
				6D0324FE27DBAE0B003B2069 /* SearchView.storyboard */,
				6D03250027DBAFBA003B2069 /* SearchViewController.swift */,
			);
			path = SearchView;
			sourceTree = "<group>";
		};
		6D03250627DBB1C4003B2069 /* ReportView */ = {
			isa = PBXGroup;
			children = (
				6DC4E8EB27DFE97B005920A5 /* ReportViewModel.swift */,
				6D03250727DBB1D3003B2069 /* ReportView.storyboard */,
				6D03250927DBE3B5003B2069 /* ReportViewController.swift */,
			);
			path = ReportView;
			sourceTree = "<group>";
		};
		6D03250B27DBE530003B2069 /* Models */ = {
			isa = PBXGroup;
			children = (
				6D03250C27DBE670003B2069 /* Collection.swift */,
			);
			path = Models;
			sourceTree = "<group>";
		};
		6D446F3327DA950D006D115E /* ItemsView */ = {
			isa = PBXGroup;
			children = (
				6DC4E8DC27DFA489005920A5 /* ItemVCModel.swift */,
				6D446F3427DA9541006D115E /* ItemsView.storyboard */,
				6D446F3627DA958A006D115E /* ItemsViewController.swift */,
				6D446F3827DA9627006D115E /* ItemsViewCell.xib */,
				6D446F3A27DA9875006D115E /* ItemsViewCellCollectionViewCell.swift */,
				6D446F3C27DA98B5006D115E /* ItemsViewAddCell.xib */,
			);
			path = ItemsView;
			sourceTree = "<group>";
		};
		6D446F4027DAA684006D115E /* CreateItem */ = {
			isa = PBXGroup;
			children = (
				6DC4E8DE27DFA56C005920A5 /* CreateItemVCModel.swift */,
				6D446F4127DAA6D7006D115E /* CreateItemView.storyboard */,
				6D446F4327DAB059006D115E /* CreateItemViewController.swift */,
			);
			path = CreateItem;
			sourceTree = "<group>";
		};
		6D6AB99F27DA609D005C21BE = {
			isa = PBXGroup;
			children = (
				6D6AB9AA27DA609E005C21BE /* HomeInventory */,
				6D6AB9A927DA609E005C21BE /* Products */,
			);
			sourceTree = "<group>";
		};
		6D6AB9A927DA609E005C21BE /* Products */ = {
			isa = PBXGroup;
			children = (
				6D6AB9A827DA609E005C21BE /* HomeInventory.app */,
			);
			name = Products;
			sourceTree = "<group>";
		};
		6D6AB9AA27DA609E005C21BE /* HomeInventory */ = {
			isa = PBXGroup;
			children = (
				6DC4E8E427DFA76C005920A5 /* Firebase */,
				6D03250B27DBE530003B2069 /* Models */,
				6DC970FA27DBFD86006146AF /* AccountView */,
				6D03250627DBB1C4003B2069 /* ReportView */,
				6D0324FD27DBADE7003B2069 /* SearchView */,
				6D446F4027DAA684006D115E /* CreateItem */,
				6D446F3327DA950D006D115E /* ItemsView */,
				6D6AB9D027DA7E5F005C21BE /* HomeView */,
				6D6AB9C027DA68D2005C21BE /* Authentication */,
				6D6AB9BF27DA64DA005C21BE /* Resources */,
				6D6AB9B127DA609E005C21BE /* Main.storyboard */,
				6D6AB9B627DA609F005C21BE /* LaunchScreen.storyboard */,
			);
			path = HomeInventory;
			sourceTree = "<group>";
		};
		6D6AB9BF27DA64DA005C21BE /* Resources */ = {
			isa = PBXGroup;
			children = (
				6D6AB9AB27DA609E005C21BE /* AppDelegate.swift */,
				6D6AB9AD27DA609E005C21BE /* SceneDelegate.swift */,
				6D6AB9B427DA609F005C21BE /* Assets.xcassets */,
				6D6AB9B927DA609F005C21BE /* Info.plist */,
			);
			path = Resources;
			sourceTree = "<group>";
		};
		6D6AB9C027DA68D2005C21BE /* Authentication */ = {
			isa = PBXGroup;
			children = (
				6D6AB9C327DA695B005C21BE /* Login */,
				6D6AB9C227DA6953005C21BE /* SignUp */,
				6D6AB9C127DA68E4005C21BE /* ResetPassword */,
			);
			path = Authentication;
			sourceTree = "<group>";
		};
		6D6AB9C127DA68E4005C21BE /* ResetPassword */ = {
			isa = PBXGroup;
			children = (
				6D6AB9C827DA69C5005C21BE /* ResetPasswordView.storyboard */,
				6D6AB9CE27DA6CA4005C21BE /* ResetPasswordViewController.swift */,
			);
			path = ResetPassword;
			sourceTree = "<group>";
		};
		6D6AB9C227DA6953005C21BE /* SignUp */ = {
			isa = PBXGroup;
			children = (
				6D6AB9C627DA69B5005C21BE /* SignUpView.storyboard */,
				6D6AB9CC27DA6BBE005C21BE /* SignUpViewController.swift */,
			);
			path = SignUp;
			sourceTree = "<group>";
		};
		6D6AB9C327DA695B005C21BE /* Login */ = {
			isa = PBXGroup;
			children = (
				6D6AB9C427DA69A2005C21BE /* LoginView.storyboard */,
				6D6AB9CA27DA6A28005C21BE /* LoginViewController.swift */,
			);
			path = Login;
			sourceTree = "<group>";
		};
		6D6AB9D027DA7E5F005C21BE /* HomeView */ = {
			isa = PBXGroup;
			children = (
				6DC4E8DA27DFA3C3005920A5 /* HomeVCModel.swift */,
				6D6AB9D127DA7E92005C21BE /* HomeView.storyboard */,
				6D6AB9D327DA7F40005C21BE /* HomeViewController.swift */,
				6D6AB9D927DA8039005C21BE /* HomeViewCell.xib */,
				6D6AB9D527DA7F8B005C21BE /* HomeCollectionViewCell.swift */,
				6D446F2F27DA8BBF006D115E /* HomeAddCellView.xib */,
			);
			path = HomeView;
			sourceTree = "<group>";
		};
		6DC4E8E427DFA76C005920A5 /* Firebase */ = {
			isa = PBXGroup;
			children = (
				6DC4E8E527DFA78D005920A5 /* FIrebaseStorageController.swift */,
				6DC4E8E727DFA7E4005920A5 /* FirebaseController.swift */,
			);
			path = Firebase;
			sourceTree = "<group>";
		};
		6DC970FA27DBFD86006146AF /* AccountView */ = {
			isa = PBXGroup;
			children = (
				6DC970F827DBFD80006146AF /* AccountView.storyboard */,
				6DC970FB27DBFEC6006146AF /* AccountViewController.swift */,
			);
			path = AccountView;
			sourceTree = "<group>";
		};
/* End PBXGroup section */

/* Begin PBXNativeTarget section */
		6D6AB9A727DA609E005C21BE /* HomeInventory */ = {
			isa = PBXNativeTarget;
			buildConfigurationList = 6D6AB9BC27DA609F005C21BE /* Build configuration list for PBXNativeTarget "HomeInventory" */;
			buildPhases = (
				6D6AB9A427DA609E005C21BE /* Sources */,
				6D6AB9A527DA609E005C21BE /* Frameworks */,
				6D6AB9A627DA609E005C21BE /* Resources */,
			);
			buildRules = (
			);
			dependencies = (
			);
			name = HomeInventory;
			productName = HomeInventory;
			productReference = 6D6AB9A827DA609E005C21BE /* HomeInventory.app */;
			productType = "com.apple.product-type.application";
		};
/* End PBXNativeTarget section */

/* Begin PBXProject section */
		6D6AB9A027DA609D005C21BE /* Project object */ = {
			isa = PBXProject;
			attributes = {
				BuildIndependentTargetsInParallel = 1;
				LastSwiftUpdateCheck = 1320;
				LastUpgradeCheck = 1320;
				TargetAttributes = {
					6D6AB9A727DA609E005C21BE = {
						CreatedOnToolsVersion = 13.2.1;
					};
				};
			};
			buildConfigurationList = 6D6AB9A327DA609D005C21BE /* Build configuration list for PBXProject "HomeInventory" */;
			compatibilityVersion = "Xcode 13.0";
			developmentRegion = en;
			hasScannedForEncodings = 0;
			knownRegions = (
				en,
				Base,
			);
			mainGroup = 6D6AB99F27DA609D005C21BE;
			productRefGroup = 6D6AB9A927DA609E005C21BE /* Products */;
			projectDirPath = "";
			projectRoot = "";
			targets = (
				6D6AB9A727DA609E005C21BE /* HomeInventory */,
			);
		};
/* End PBXProject section */

/* Begin PBXResourcesBuildPhase section */
		6D6AB9A627DA609E005C21BE /* Resources */ = {
			isa = PBXResourcesBuildPhase;
			buildActionMask = 2147483647;
			files = (
				6D6AB9C927DA69C5005C21BE /* ResetPasswordView.storyboard in Resources */,
				6D0324FF27DBAE0B003B2069 /* SearchView.storyboard in Resources */,
				6D6AB9D227DA7E92005C21BE /* HomeView.storyboard in Resources */,
				6D03250827DBB1D3003B2069 /* ReportView.storyboard in Resources */,
				6D446F4227DAA6D7006D115E /* CreateItemView.storyboard in Resources */,
				6DC970F927DBFD80006146AF /* AccountView.storyboard in Resources */,
				6D6AB9B827DA609F005C21BE /* LaunchScreen.storyboard in Resources */,
				6D6AB9B527DA609F005C21BE /* Assets.xcassets in Resources */,
				6D6AB9C727DA69B5005C21BE /* SignUpView.storyboard in Resources */,
				6D6AB9DA27DA8039005C21BE /* HomeViewCell.xib in Resources */,
				6D446F3927DA9627006D115E /* ItemsViewCell.xib in Resources */,
				6D446F3527DA9541006D115E /* ItemsView.storyboard in Resources */,
				6D6AB9B327DA609E005C21BE /* Main.storyboard in Resources */,
				6D446F3027DA8BBF006D115E /* HomeAddCellView.xib in Resources */,
				6D6AB9C527DA69A2005C21BE /* LoginView.storyboard in Resources */,
				6D446F3D27DA98B5006D115E /* ItemsViewAddCell.xib in Resources */,
			);
			runOnlyForDeploymentPostprocessing = 0;
		};
/* End PBXResourcesBuildPhase section */

/* Begin PBXSourcesBuildPhase section */
		6D6AB9A427DA609E005C21BE /* Sources */ = {
			isa = PBXSourcesBuildPhase;
			buildActionMask = 2147483647;
			files = (
				6D6AB9D627DA7F8B005C21BE /* HomeCollectionViewCell.swift in Sources */,
				6D6AB9CB27DA6A28005C21BE /* LoginViewController.swift in Sources */,
				6DC970FC27DBFEC6006146AF /* AccountViewController.swift in Sources */,
				6D446F3B27DA9875006D115E /* ItemsViewCellCollectionViewCell.swift in Sources */,
				6DC4E8EC27DFE97B005920A5 /* ReportViewModel.swift in Sources */,
				6D6AB9AC27DA609E005C21BE /* AppDelegate.swift in Sources */,
				6DC4E8DD27DFA489005920A5 /* ItemVCModel.swift in Sources */,
				6D6AB9CF27DA6CA4005C21BE /* ResetPasswordViewController.swift in Sources */,
				6D446F3727DA958A006D115E /* ItemsViewController.swift in Sources */,
				6D03250D27DBE670003B2069 /* Collection.swift in Sources */,
				6DC4E8DF27DFA56C005920A5 /* CreateItemVCModel.swift in Sources */,
				6D03250A27DBE3B5003B2069 /* ReportViewController.swift in Sources */,
				6D6AB9CD27DA6BBE005C21BE /* SignUpViewController.swift in Sources */,
				6D446F4427DAB059006D115E /* CreateItemViewController.swift in Sources */,
				6DC4E8E827DFA7E4005920A5 /* FirebaseController.swift in Sources */,
				6DC4E8EE27DFE9C4005920A5 /* SearchViewModel.swift in Sources */,
				6DC4E8DB27DFA3C3005920A5 /* HomeVCModel.swift in Sources */,
				6DC4E8E627DFA78D005920A5 /* FIrebaseStorageController.swift in Sources */,
				6D03250127DBAFBA003B2069 /* SearchViewController.swift in Sources */,
				6D6AB9AE27DA609E005C21BE /* SceneDelegate.swift in Sources */,
				6D6AB9D427DA7F40005C21BE /* HomeViewController.swift in Sources */,
			);
			runOnlyForDeploymentPostprocessing = 0;
		};
/* End PBXSourcesBuildPhase section */

/* Begin PBXVariantGroup section */
		6D6AB9B127DA609E005C21BE /* Main.storyboard */ = {
			isa = PBXVariantGroup;
			children = (
				6D6AB9B227DA609E005C21BE /* Base */,
			);
			name = Main.storyboard;
			sourceTree = "<group>";
		};
		6D6AB9B627DA609F005C21BE /* LaunchScreen.storyboard */ = {
			isa = PBXVariantGroup;
			children = (
				6D6AB9B727DA609F005C21BE /* Base */,
			);
			name = LaunchScreen.storyboard;
			sourceTree = "<group>";
		};
/* End PBXVariantGroup section */

/* Begin XCBuildConfiguration section */
		6D6AB9BA27DA609F005C21BE /* Debug */ = {
			isa = XCBuildConfiguration;
			buildSettings = {
				ALWAYS_SEARCH_USER_PATHS = NO;
				CLANG_ANALYZER_NONNULL = YES;
				CLANG_ANALYZER_NUMBER_OBJECT_CONVERSION = YES_AGGRESSIVE;
				CLANG_CXX_LANGUAGE_STANDARD = "gnu++17";
				CLANG_CXX_LIBRARY = "libc++";
				CLANG_ENABLE_MODULES = YES;
				CLANG_ENABLE_OBJC_ARC = YES;
				CLANG_ENABLE_OBJC_WEAK = YES;
				CLANG_WARN_BLOCK_CAPTURE_AUTORELEASING = YES;
				CLANG_WARN_BOOL_CONVERSION = YES;
				CLANG_WARN_COMMA = YES;
				CLANG_WARN_CONSTANT_CONVERSION = YES;
				CLANG_WARN_DEPRECATED_OBJC_IMPLEMENTATIONS = YES;
				CLANG_WARN_DIRECT_OBJC_ISA_USAGE = YES_ERROR;
				CLANG_WARN_DOCUMENTATION_COMMENTS = YES;
				CLANG_WARN_EMPTY_BODY = YES;
				CLANG_WARN_ENUM_CONVERSION = YES;
				CLANG_WARN_INFINITE_RECURSION = YES;
				CLANG_WARN_INT_CONVERSION = YES;
				CLANG_WARN_NON_LITERAL_NULL_CONVERSION = YES;
				CLANG_WARN_OBJC_IMPLICIT_RETAIN_SELF = YES;
				CLANG_WARN_OBJC_LITERAL_CONVERSION = YES;
				CLANG_WARN_OBJC_ROOT_CLASS = YES_ERROR;
				CLANG_WARN_QUOTED_INCLUDE_IN_FRAMEWORK_HEADER = YES;
				CLANG_WARN_RANGE_LOOP_ANALYSIS = YES;
				CLANG_WARN_STRICT_PROTOTYPES = YES;
				CLANG_WARN_SUSPICIOUS_MOVE = YES;
				CLANG_WARN_UNGUARDED_AVAILABILITY = YES_AGGRESSIVE;
				CLANG_WARN_UNREACHABLE_CODE = YES;
				CLANG_WARN__DUPLICATE_METHOD_MATCH = YES;
				COPY_PHASE_STRIP = NO;
				DEBUG_INFORMATION_FORMAT = dwarf;
				ENABLE_STRICT_OBJC_MSGSEND = YES;
				ENABLE_TESTABILITY = YES;
				GCC_C_LANGUAGE_STANDARD = gnu11;
				GCC_DYNAMIC_NO_PIC = NO;
				GCC_NO_COMMON_BLOCKS = YES;
				GCC_OPTIMIZATION_LEVEL = 0;
				GCC_PREPROCESSOR_DEFINITIONS = (
					"DEBUG=1",
					"$(inherited)",
				);
				GCC_WARN_64_TO_32_BIT_CONVERSION = YES;
				GCC_WARN_ABOUT_RETURN_TYPE = YES_ERROR;
				GCC_WARN_UNDECLARED_SELECTOR = YES;
				GCC_WARN_UNINITIALIZED_AUTOS = YES_AGGRESSIVE;
				GCC_WARN_UNUSED_FUNCTION = YES;
				GCC_WARN_UNUSED_VARIABLE = YES;
				IPHONEOS_DEPLOYMENT_TARGET = 15.2;
				MTL_ENABLE_DEBUG_INFO = INCLUDE_SOURCE;
				MTL_FAST_MATH = YES;
				ONLY_ACTIVE_ARCH = YES;
				SDKROOT = iphoneos;
				SWIFT_ACTIVE_COMPILATION_CONDITIONS = DEBUG;
				SWIFT_OPTIMIZATION_LEVEL = "-Onone";
			};
			name = Debug;
		};
		6D6AB9BB27DA609F005C21BE /* Release */ = {
			isa = XCBuildConfiguration;
			buildSettings = {
				ALWAYS_SEARCH_USER_PATHS = NO;
				CLANG_ANALYZER_NONNULL = YES;
				CLANG_ANALYZER_NUMBER_OBJECT_CONVERSION = YES_AGGRESSIVE;
				CLANG_CXX_LANGUAGE_STANDARD = "gnu++17";
				CLANG_CXX_LIBRARY = "libc++";
				CLANG_ENABLE_MODULES = YES;
				CLANG_ENABLE_OBJC_ARC = YES;
				CLANG_ENABLE_OBJC_WEAK = YES;
				CLANG_WARN_BLOCK_CAPTURE_AUTORELEASING = YES;
				CLANG_WARN_BOOL_CONVERSION = YES;
				CLANG_WARN_COMMA = YES;
				CLANG_WARN_CONSTANT_CONVERSION = YES;
				CLANG_WARN_DEPRECATED_OBJC_IMPLEMENTATIONS = YES;
				CLANG_WARN_DIRECT_OBJC_ISA_USAGE = YES_ERROR;
				CLANG_WARN_DOCUMENTATION_COMMENTS = YES;
				CLANG_WARN_EMPTY_BODY = YES;
				CLANG_WARN_ENUM_CONVERSION = YES;
				CLANG_WARN_INFINITE_RECURSION = YES;
				CLANG_WARN_INT_CONVERSION = YES;
				CLANG_WARN_NON_LITERAL_NULL_CONVERSION = YES;
				CLANG_WARN_OBJC_IMPLICIT_RETAIN_SELF = YES;
				CLANG_WARN_OBJC_LITERAL_CONVERSION = YES;
				CLANG_WARN_OBJC_ROOT_CLASS = YES_ERROR;
				CLANG_WARN_QUOTED_INCLUDE_IN_FRAMEWORK_HEADER = YES;
				CLANG_WARN_RANGE_LOOP_ANALYSIS = YES;
				CLANG_WARN_STRICT_PROTOTYPES = YES;
				CLANG_WARN_SUSPICIOUS_MOVE = YES;
				CLANG_WARN_UNGUARDED_AVAILABILITY = YES_AGGRESSIVE;
				CLANG_WARN_UNREACHABLE_CODE = YES;
				CLANG_WARN__DUPLICATE_METHOD_MATCH = YES;
				COPY_PHASE_STRIP = NO;
				DEBUG_INFORMATION_FORMAT = "dwarf-with-dsym";
				ENABLE_NS_ASSERTIONS = NO;
				ENABLE_STRICT_OBJC_MSGSEND = YES;
				GCC_C_LANGUAGE_STANDARD = gnu11;
				GCC_NO_COMMON_BLOCKS = YES;
				GCC_WARN_64_TO_32_BIT_CONVERSION = YES;
				GCC_WARN_ABOUT_RETURN_TYPE = YES_ERROR;
				GCC_WARN_UNDECLARED_SELECTOR = YES;
				GCC_WARN_UNINITIALIZED_AUTOS = YES_AGGRESSIVE;
				GCC_WARN_UNUSED_FUNCTION = YES;
				GCC_WARN_UNUSED_VARIABLE = YES;
				IPHONEOS_DEPLOYMENT_TARGET = 15.2;
				MTL_ENABLE_DEBUG_INFO = NO;
				MTL_FAST_MATH = YES;
				SDKROOT = iphoneos;
				SWIFT_COMPILATION_MODE = wholemodule;
				SWIFT_OPTIMIZATION_LEVEL = "-O";
				VALIDATE_PRODUCT = YES;
			};
			name = Release;
		};
		6D6AB9BD27DA609F005C21BE /* Debug */ = {
			isa = XCBuildConfiguration;
			buildSettings = {
				ASSETCATALOG_COMPILER_APPICON_NAME = AppIcon;
				ASSETCATALOG_COMPILER_GLOBAL_ACCENT_COLOR_NAME = AccentColor;
				CODE_SIGN_STYLE = Automatic;
				CURRENT_PROJECT_VERSION = 1;
				GENERATE_INFOPLIST_FILE = YES;
				INFOPLIST_FILE = HomeInventory/Resources/Info.plist;
				INFOPLIST_KEY_UIApplicationSupportsIndirectInputEvents = YES;
				INFOPLIST_KEY_UILaunchStoryboardName = LaunchScreen;
				INFOPLIST_KEY_UIMainStoryboardFile = Main;
				INFOPLIST_KEY_UISupportedInterfaceOrientations_iPad = "UIInterfaceOrientationPortrait UIInterfaceOrientationPortraitUpsideDown UIInterfaceOrientationLandscapeLeft UIInterfaceOrientationLandscapeRight";
				INFOPLIST_KEY_UISupportedInterfaceOrientations_iPhone = "UIInterfaceOrientationPortrait UIInterfaceOrientationLandscapeLeft UIInterfaceOrientationLandscapeRight";
				LD_RUNPATH_SEARCH_PATHS = (
					"$(inherited)",
					"@executable_path/Frameworks",
				);
				MARKETING_VERSION = 1.0;
				PRODUCT_BUNDLE_IDENTIFIER = com.HomeInventory.HomeInventory;
				PRODUCT_NAME = "$(TARGET_NAME)";
				SWIFT_EMIT_LOC_STRINGS = YES;
				SWIFT_VERSION = 5.0;
				TARGETED_DEVICE_FAMILY = "1,2";
			};
			name = Debug;
		};
		6D6AB9BE27DA609F005C21BE /* Release */ = {
			isa = XCBuildConfiguration;
			buildSettings = {
				ASSETCATALOG_COMPILER_APPICON_NAME = AppIcon;
				ASSETCATALOG_COMPILER_GLOBAL_ACCENT_COLOR_NAME = AccentColor;
				CODE_SIGN_STYLE = Automatic;
				CURRENT_PROJECT_VERSION = 1;
				GENERATE_INFOPLIST_FILE = YES;
				INFOPLIST_FILE = HomeInventory/Resources/Info.plist;
				INFOPLIST_KEY_UIApplicationSupportsIndirectInputEvents = YES;
				INFOPLIST_KEY_UILaunchStoryboardName = LaunchScreen;
				INFOPLIST_KEY_UIMainStoryboardFile = Main;
				INFOPLIST_KEY_UISupportedInterfaceOrientations_iPad = "UIInterfaceOrientationPortrait UIInterfaceOrientationPortraitUpsideDown UIInterfaceOrientationLandscapeLeft UIInterfaceOrientationLandscapeRight";
				INFOPLIST_KEY_UISupportedInterfaceOrientations_iPhone = "UIInterfaceOrientationPortrait UIInterfaceOrientationLandscapeLeft UIInterfaceOrientationLandscapeRight";
				LD_RUNPATH_SEARCH_PATHS = (
					"$(inherited)",
					"@executable_path/Frameworks",
				);
				MARKETING_VERSION = 1.0;
				PRODUCT_BUNDLE_IDENTIFIER = com.HomeInventory.HomeInventory;
				PRODUCT_NAME = "$(TARGET_NAME)";
				SWIFT_EMIT_LOC_STRINGS = YES;
				SWIFT_VERSION = 5.0;
				TARGETED_DEVICE_FAMILY = "1,2";
			};
			name = Release;
		};
/* End XCBuildConfiguration section */

/* Begin XCConfigurationList section */
		6D6AB9A327DA609D005C21BE /* Build configuration list for PBXProject "HomeInventory" */ = {
			isa = XCConfigurationList;
			buildConfigurations = (
				6D6AB9BA27DA609F005C21BE /* Debug */,
				6D6AB9BB27DA609F005C21BE /* Release */,
			);
			defaultConfigurationIsVisible = 0;
			defaultConfigurationName = Release;
		};
		6D6AB9BC27DA609F005C21BE /* Build configuration list for PBXNativeTarget "HomeInventory" */ = {
			isa = XCConfigurationList;
			buildConfigurations = (
				6D6AB9BD27DA609F005C21BE /* Debug */,
				6D6AB9BE27DA609F005C21BE /* Release */,
			);
			defaultConfigurationIsVisible = 0;
			defaultConfigurationName = Release;
		};
/* End XCConfigurationList section */
	};
	rootObject = 6D6AB9A027DA609D005C21BE /* Project object */;
}
